
Microsoft Visual Studio Solution File, Format Version 12.00
# Visual Studio 14
VisualStudioVersion = 14.0.24720.0
MinimumVisualStudioVersion = 10.0.40219.1
Project("{FAE04EC0-301F-11D3-BF4B-00C04F79EFBC}") = "AzureWebsite", "AzureWebsite\AzureWebsite.csproj", "{CAE2273E-20DB-44F0-A83C-BFDB239E28CF}"
EndProject
Global
	GlobalSection(SolutionConfigurationPlatforms) = preSolution
		Debug|Any CPU = Debug|Any CPU
		Release|Any CPU = Release|Any CPU
	EndGlobalSection
	GlobalSection(ProjectConfigurationPlatforms) = postSolution
		{CAE2273E-20DB-44F0-A83C-BFDB239E28CF}.Debug|Any CPU.ActiveCfg = Debug|Any CPU
		{CAE2273E-20DB-44F0-A83C-BFDB239E28CF}.Debug|Any CPU.Build.0 = Debug|Any CPU
		{CAE2273E-20DB-44F0-A83C-BFDB239E28CF}.Release|Any CPU.ActiveCfg = Release|Any CPU
		{CAE2273E-20DB-44F0-A83C-BFDB239E28CF}.Release|Any CPU.Build.0 = Release|Any CPU
	EndGlobalSection
	GlobalSection(SolutionProperties) = preSolution
		HideSolutionNode = FALSE
	EndGlobalSection
EndGlobal
